{
  "originHash" : "e49acfc3b9116b0da4613dd30f50ef755b70c94a857d3fb626bef0f6c98800ea",
  "pins" : [
    {
      "identity" : "devicekit",
      "kind" : "remoteSourceControl",
      "location" : "https://github.com/devicekit/DeviceKit",
      "state" : {
        "revision" : "5757447e9f92c476ee2ca41ead7eb6db07936430",
        "version" : "5.4.0"
      }
    },
    {
      "identity" : "rive-ios",
      "kind" : "remoteSourceControl",
      "location" : "https://github.com/rive-app/rive-ios",
      "state" : {
        "revision" : "585e092bc0326a9b3003ab62c5f6303bb70214db",
        "version" : "6.0.7"
      }
    },
    {
      "identity" : "swift-package-manager-google-mobile-ads",
      "kind" : "remoteSourceControl",
      "location" : "https://github.com/googleads/swift-package-manager-google-mobile-ads.git",
      "state" : {
        "revision" : "ee80d8b9fb9c110c35ff0af56cfc672eee4b515e",
        "version" : "11.8.0"
      }
    },
    {
      "identity" : "swift-package-manager-google-user-messaging-platform",
      "kind" : "remoteSourceControl",
      "location" : "https://github.com/googleads/swift-package-manager-google-user-messaging-platform.git",
      "state" : {
        "revision" : "74f2ec169551c3b924947b473716142a0b983e10",
        "version" : "2.6.0"
      }
    }
  ],
  "version" : 3
}
